
Microsoft Visual Studio Solution File, Format Version 12.00
# Visual Studio 15
VisualStudioVersion = 15.0.27703.2042
MinimumVisualStudioVersion = 10.0.40219.1
Project("{FAE04EC0-301F-11D3-BF4B-00C04F79EFBC}") = "TaskManagment", "TaskManagment\TaskManagment.csproj", "{24EFC867-5E04-4BBE-9664-A883E70A130C}"
EndProject
Global
	GlobalSection(SolutionConfigurationPlatforms) = preSolution
		Debug|Any CPU = Debug|Any CPU
		Release|Any CPU = Release|Any CPU
	EndGlobalSection
	GlobalSection(ProjectConfigurationPlatforms) = postSolution
		{24EFC867-5E04-4BBE-9664-A883E70A130C}.Debug|Any CPU.ActiveCfg = Debug|Any CPU
		{24EFC867-5E04-4BBE-9664-A883E70A130C}.Debug|Any CPU.Build.0 = Debug|Any CPU
		{24EFC867-5E04-4BBE-9664-A883E70A130C}.Release|Any CPU.ActiveCfg = Release|Any CPU
		{24EFC867-5E04-4BBE-9664-A883E70A130C}.Release|Any CPU.Build.0 = Release|Any CPU
	EndGlobalSection
	GlobalSection(SolutionProperties) = preSolution
		HideSolutionNode = FALSE
	EndGlobalSection
	GlobalSection(ExtensibilityGlobals) = postSolution
		SolutionGuid = {D06EAD2C-9316-4613-B4EF-B30CD8F0D1A4}
	EndGlobalSection
EndGlobal
